
Microsoft Visual Studio Solution File, Format Version 11.00
# Visual Studio 2010
# SharpDevelop 4.4
Project("{FAE04EC0-301F-11D3-BF4B-00C04F79EFBC}") = "Ejercicio 4", "Ejercicio 4\Ejercicio 4.csproj", "{0555342A-D5DF-454F-B743-E14B0E765341}"
EndProject
Project("{FAE04EC0-301F-11D3-BF4B-00C04F79EFBC}") = "Ejercicio 6", "Ejercicio 6\Ejercicio 6.csproj", "29564DCB-63A1-4AC2-8F8A-360E528CE4D1"
EndProject
Global
	GlobalSection(SolutionConfigurationPlatforms) = preSolution
		Debug|Any CPU = Debug|Any CPU
		Release|Any CPU = Release|Any CPU
	EndGlobalSection
	GlobalSection(ProjectConfigurationPlatforms) = postSolution
		{0555342A-D5DF-454F-B743-E14B0E765341}.Debug|Any CPU.Build.0 = Debug|Any CPU
		{0555342A-D5DF-454F-B743-E14B0E765341}.Debug|Any CPU.ActiveCfg = Debug|Any CPU
		{0555342A-D5DF-454F-B743-E14B0E765341}.Release|Any CPU.Build.0 = Release|Any CPU
		{0555342A-D5DF-454F-B743-E14B0E765341}.Release|Any CPU.ActiveCfg = Release|Any CPU
		29564DCB-63A1-4AC2-8F8A-360E528CE4D1.Debug|Any CPU.Build.0 = Debug|Any CPU
		29564DCB-63A1-4AC2-8F8A-360E528CE4D1.Debug|Any CPU.ActiveCfg = Debug|Any CPU
		29564DCB-63A1-4AC2-8F8A-360E528CE4D1.Release|Any CPU.Build.0 = Release|Any CPU
		29564DCB-63A1-4AC2-8F8A-360E528CE4D1.Release|Any CPU.ActiveCfg = Release|Any CPU
	EndGlobalSection
EndGlobal
